
Microsoft Visual Studio Solution File, Format Version 12.00
Project("{FAE04EC0-301F-11D3-BF4B-00C04F79EFBC}") = "Level1", "Level1\Level1.csproj", "{6C5F3196-496B-4D04-B768-CC3889DFC7D2}"
EndProject
Project("{FAE04EC0-301F-11D3-BF4B-00C04F79EFBC}") = "Level2", "Level2\Level2.csproj", "{6B91404D-BF87-4804-B06A-8C1845399E33}"
EndProject
Project("{FAE04EC0-301F-11D3-BF4B-00C04F79EFBC}") = "Level3", "Level3\Level3.csproj", "{0BB48805-B88A-4122-983A-E755C44B4FDF}"
EndProject
Project("{FAE04EC0-301F-11D3-BF4B-00C04F79EFBC}") = "Level4", "Level4\Level4.csproj", "{01C88D6E-7E51-4CF1-812D-4426512FFEAB}"
EndProject
Project("{FAE04EC0-301F-11D3-BF4B-00C04F79EFBC}") = "Level5", "Level5\Level5.csproj", "{642CBB37-F3C8-4B33-A019-755E5AEFF537}"
EndProject
Project("{FAE04EC0-301F-11D3-BF4B-00C04F79EFBC}") = "Level6", "Level6\Level6.csproj", "{A23D17F7-0460-4FC7-9D33-95196E59BA85}"
EndProject
Project("{FAE04EC0-301F-11D3-BF4B-00C04F79EFBC}") = "Level7", "Level7\Level7.csproj", "{A7D2EC17-377F-410F-B459-B38369E6B74C}"
EndProject
Project("{FAE04EC0-301F-11D3-BF4B-00C04F79EFBC}") = "Level8", "Level8\Level8.csproj", "{922E3991-C445-4F21-92C3-17814F110210}"
EndProject
Project("{FAE04EC0-301F-11D3-BF4B-00C04F79EFBC}") = "Level9", "Level9\Level9.csproj", "{8573C879-82FB-4E39-9141-EC5401A7CCE5}"
EndProject
Global
	GlobalSection(SolutionConfigurationPlatforms) = preSolution
		Debug|Any CPU = Debug|Any CPU
		Release|Any CPU = Release|Any CPU
	EndGlobalSection
	GlobalSection(ProjectConfigurationPlatforms) = postSolution
		{6C5F3196-496B-4D04-B768-CC3889DFC7D2}.Debug|Any CPU.ActiveCfg = Debug|Any CPU
		{6C5F3196-496B-4D04-B768-CC3889DFC7D2}.Debug|Any CPU.Build.0 = Debug|Any CPU
		{6C5F3196-496B-4D04-B768-CC3889DFC7D2}.Release|Any CPU.ActiveCfg = Release|Any CPU
		{6C5F3196-496B-4D04-B768-CC3889DFC7D2}.Release|Any CPU.Build.0 = Release|Any CPU
		{6B91404D-BF87-4804-B06A-8C1845399E33}.Debug|Any CPU.ActiveCfg = Debug|Any CPU
		{6B91404D-BF87-4804-B06A-8C1845399E33}.Debug|Any CPU.Build.0 = Debug|Any CPU
		{6B91404D-BF87-4804-B06A-8C1845399E33}.Release|Any CPU.ActiveCfg = Release|Any CPU
		{6B91404D-BF87-4804-B06A-8C1845399E33}.Release|Any CPU.Build.0 = Release|Any CPU
		{0BB48805-B88A-4122-983A-E755C44B4FDF}.Debug|Any CPU.ActiveCfg = Debug|Any CPU
		{0BB48805-B88A-4122-983A-E755C44B4FDF}.Debug|Any CPU.Build.0 = Debug|Any CPU
		{0BB48805-B88A-4122-983A-E755C44B4FDF}.Release|Any CPU.ActiveCfg = Release|Any CPU
		{0BB48805-B88A-4122-983A-E755C44B4FDF}.Release|Any CPU.Build.0 = Release|Any CPU
		{01C88D6E-7E51-4CF1-812D-4426512FFEAB}.Debug|Any CPU.ActiveCfg = Debug|Any CPU
		{01C88D6E-7E51-4CF1-812D-4426512FFEAB}.Debug|Any CPU.Build.0 = Debug|Any CPU
		{01C88D6E-7E51-4CF1-812D-4426512FFEAB}.Release|Any CPU.ActiveCfg = Release|Any CPU
		{01C88D6E-7E51-4CF1-812D-4426512FFEAB}.Release|Any CPU.Build.0 = Release|Any CPU
		{642CBB37-F3C8-4B33-A019-755E5AEFF537}.Debug|Any CPU.ActiveCfg = Debug|Any CPU
		{642CBB37-F3C8-4B33-A019-755E5AEFF537}.Debug|Any CPU.Build.0 = Debug|Any CPU
		{642CBB37-F3C8-4B33-A019-755E5AEFF537}.Release|Any CPU.ActiveCfg = Release|Any CPU
		{642CBB37-F3C8-4B33-A019-755E5AEFF537}.Release|Any CPU.Build.0 = Release|Any CPU
		{A23D17F7-0460-4FC7-9D33-95196E59BA85}.Debug|Any CPU.ActiveCfg = Debug|Any CPU
		{A23D17F7-0460-4FC7-9D33-95196E59BA85}.Debug|Any CPU.Build.0 = Debug|Any CPU
		{A23D17F7-0460-4FC7-9D33-95196E59BA85}.Release|Any CPU.ActiveCfg = Release|Any CPU
		{A23D17F7-0460-4FC7-9D33-95196E59BA85}.Release|Any CPU.Build.0 = Release|Any CPU
		{A7D2EC17-377F-410F-B459-B38369E6B74C}.Debug|Any CPU.ActiveCfg = Debug|Any CPU
		{A7D2EC17-377F-410F-B459-B38369E6B74C}.Debug|Any CPU.Build.0 = Debug|Any CPU
		{A7D2EC17-377F-410F-B459-B38369E6B74C}.Release|Any CPU.ActiveCfg = Release|Any CPU
		{A7D2EC17-377F-410F-B459-B38369E6B74C}.Release|Any CPU.Build.0 = Release|Any CPU
		{922E3991-C445-4F21-92C3-17814F110210}.Debug|Any CPU.ActiveCfg = Debug|Any CPU
		{922E3991-C445-4F21-92C3-17814F110210}.Debug|Any CPU.Build.0 = Debug|Any CPU
		{922E3991-C445-4F21-92C3-17814F110210}.Release|Any CPU.ActiveCfg = Release|Any CPU
		{922E3991-C445-4F21-92C3-17814F110210}.Release|Any CPU.Build.0 = Release|Any CPU
		{8573C879-82FB-4E39-9141-EC5401A7CCE5}.Debug|Any CPU.ActiveCfg = Debug|Any CPU
		{8573C879-82FB-4E39-9141-EC5401A7CCE5}.Debug|Any CPU.Build.0 = Debug|Any CPU
		{8573C879-82FB-4E39-9141-EC5401A7CCE5}.Release|Any CPU.ActiveCfg = Release|Any CPU
		{8573C879-82FB-4E39-9141-EC5401A7CCE5}.Release|Any CPU.Build.0 = Release|Any CPU
	EndGlobalSection
EndGlobal
